
Microsoft Visual Studio Solution File, Format Version 12.00
# Visual Studio 2012
Project("{FAE04EC0-301F-11D3-BF4B-00C04F79EFBC}") = "TestASPMVC", "TestASPMVC\TestASPMVC.csproj", "{4D28E7BF-1C36-4FE1-AA30-2CD5D3A0FD63}"
EndProject
Global
	GlobalSection(SolutionConfigurationPlatforms) = preSolution
		Debug|Any CPU = Debug|Any CPU
		Release|Any CPU = Release|Any CPU
	EndGlobalSection
	GlobalSection(ProjectConfigurationPlatforms) = postSolution
		{4D28E7BF-1C36-4FE1-AA30-2CD5D3A0FD63}.Debug|Any CPU.ActiveCfg = Debug|Any CPU
		{4D28E7BF-1C36-4FE1-AA30-2CD5D3A0FD63}.Debug|Any CPU.Build.0 = Debug|Any CPU
		{4D28E7BF-1C36-4FE1-AA30-2CD5D3A0FD63}.Release|Any CPU.ActiveCfg = Release|Any CPU
		{4D28E7BF-1C36-4FE1-AA30-2CD5D3A0FD63}.Release|Any CPU.Build.0 = Release|Any CPU
	EndGlobalSection
	GlobalSection(SolutionProperties) = preSolution
		HideSolutionNode = FALSE
	EndGlobalSection
EndGlobal
